
Microsoft Visual Studio Solution File, Format Version 12.00
# Visual Studio 2012
Project("{E24C65DC-7377-472B-9ABA-BC803B73C61A}") = "Mobile.Web", "Mobile.Web\", "{DAE51567-8FD1-4ACB-97D2-06F4AB33FBE3}"
	ProjectSection(WebsiteProperties) = preProject
		TargetFrameworkMoniker = ".NETFramework,Version%3Dv4.0"
		Debug.AspNetCompiler.VirtualPath = "/Mobile.Web"
		Debug.AspNetCompiler.PhysicalPath = "..\..\..\..\..\..\Nishanth\Personal\Kendo Mobile Book\Chapters\First Draft\Code\Sample App\SVN2\Mobile.Web\"
		Debug.AspNetCompiler.TargetPath = "PrecompiledWeb\Mobile.Web\"
		Debug.AspNetCompiler.Updateable = "true"
		Debug.AspNetCompiler.ForceOverwrite = "true"
		Debug.AspNetCompiler.FixedNames = "false"
		Debug.AspNetCompiler.Debug = "True"
		Release.AspNetCompiler.VirtualPath = "/Mobile.Web"
		Release.AspNetCompiler.PhysicalPath = "..\..\..\..\..\..\Nishanth\Personal\Kendo Mobile Book\Chapters\First Draft\Code\Sample App\SVN2\Mobile.Web\"
		Release.AspNetCompiler.TargetPath = "PrecompiledWeb\Mobile.Web\"
		Release.AspNetCompiler.Updateable = "true"
		Release.AspNetCompiler.ForceOverwrite = "true"
		Release.AspNetCompiler.FixedNames = "false"
		Release.AspNetCompiler.Debug = "False"
		VWDPort = "1999"
	EndProjectSection
EndProject
Global
	GlobalSection(SolutionConfigurationPlatforms) = preSolution
		Debug|Any CPU = Debug|Any CPU
	EndGlobalSection
	GlobalSection(ProjectConfigurationPlatforms) = postSolution
		{DAE51567-8FD1-4ACB-97D2-06F4AB33FBE3}.Debug|Any CPU.ActiveCfg = Debug|Any CPU
		{DAE51567-8FD1-4ACB-97D2-06F4AB33FBE3}.Debug|Any CPU.Build.0 = Debug|Any CPU
	EndGlobalSection
	GlobalSection(SolutionProperties) = preSolution
		HideSolutionNode = FALSE
	EndGlobalSection
EndGlobal
